
Microsoft Visual Studio Solution File, Format Version 12.00
# Visual Studio Version 17
VisualStudioVersion = 17.1.32328.378
MinimumVisualStudioVersion = 10.0.40219.1
Project("{FAE04EC0-301F-11D3-BF4B-00C04F79EFBC}") = "LeaveManagement.Web", "LeaveManagement.Web\LeaveManagement.Web.csproj", "{D1236EDB-6C2B-4507-82C5-303113E02F61}"
EndProject
Global
	GlobalSection(SolutionConfigurationPlatforms) = preSolution
		Debug|Any CPU = Debug|Any CPU
		Release|Any CPU = Release|Any CPU
	EndGlobalSection
	GlobalSection(ProjectConfigurationPlatforms) = postSolution
		{D1236EDB-6C2B-4507-82C5-303113E02F61}.Debug|Any CPU.ActiveCfg = Debug|Any CPU
		{D1236EDB-6C2B-4507-82C5-303113E02F61}.Debug|Any CPU.Build.0 = Debug|Any CPU
		{D1236EDB-6C2B-4507-82C5-303113E02F61}.Release|Any CPU.ActiveCfg = Release|Any CPU
		{D1236EDB-6C2B-4507-82C5-303113E02F61}.Release|Any CPU.Build.0 = Release|Any CPU
	EndGlobalSection
	GlobalSection(SolutionProperties) = preSolution
		HideSolutionNode = FALSE
	EndGlobalSection
	GlobalSection(ExtensibilityGlobals) = postSolution
		SolutionGuid = {4500EDAC-C480-46F7-B395-5EAD43D74521}
	EndGlobalSection
EndGlobal
